
Microsoft Visual Studio Solution File, Format Version 12.00
# Visual Studio Version 17
VisualStudioVersion = 17.14.36705.20 d17.14
MinimumVisualStudioVersion = 10.0.40219.1
Project("{FAE04EC0-301F-11D3-BF4B-00C04F79EFBC}") = "SystemMonitor", "SystemMonitor.csproj", "{77B88A70-0EBF-4C2E-AAE6-DBD1AE9CAD9D}"
EndProject
Global
	GlobalSection(SolutionConfigurationPlatforms) = preSolution
		Debug|Any CPU = Debug|Any CPU
		Release|Any CPU = Release|Any CPU
	EndGlobalSection
	GlobalSection(ProjectConfigurationPlatforms) = postSolution
		{77B88A70-0EBF-4C2E-AAE6-DBD1AE9CAD9D}.Debug|Any CPU.ActiveCfg = Debug|Any CPU
		{77B88A70-0EBF-4C2E-AAE6-DBD1AE9CAD9D}.Debug|Any CPU.Build.0 = Debug|Any CPU
		{77B88A70-0EBF-4C2E-AAE6-DBD1AE9CAD9D}.Release|Any CPU.ActiveCfg = Release|Any CPU
		{77B88A70-0EBF-4C2E-AAE6-DBD1AE9CAD9D}.Release|Any CPU.Build.0 = Release|Any CPU
	EndGlobalSection
	GlobalSection(SolutionProperties) = preSolution
		HideSolutionNode = FALSE
	EndGlobalSection
	GlobalSection(ExtensibilityGlobals) = postSolution
		SolutionGuid = {E5704AEB-85F6-4C01-AB77-A7BE3B1D7E25}
	EndGlobalSection
EndGlobal
